
Microsoft Visual Studio Solution File, Format Version 12.00
# Visual Studio 2013
VisualStudioVersion = 12.0.31101.0
MinimumVisualStudioVersion = 10.0.40219.1
Project("{FAE04EC0-301F-11D3-BF4B-00C04F79EFBC}") = "WebChatApp.Data", "WebChatApp.Data\WebChatApp.Data.csproj", "{FC5E2676-E198-401A-B3CE-5D1CECF3E709}"
EndProject
Project("{FAE04EC0-301F-11D3-BF4B-00C04F79EFBC}") = "WebChatApp.Models", "WebChatApp.Models\WebChatApp.Models.csproj", "{8692F6D9-4232-4013-BE8A-7969733AE453}"
EndProject
Project("{FAE04EC0-301F-11D3-BF4B-00C04F79EFBC}") = "WebChatApp.Web", "WebChatApp.Web\WebChatApp.Web.csproj", "{A933A863-2519-48C6-AD9D-F37810A2C33C}"
EndProject
Global
	GlobalSection(SolutionConfigurationPlatforms) = preSolution
		Debug|Any CPU = Debug|Any CPU
		Release|Any CPU = Release|Any CPU
	EndGlobalSection
	GlobalSection(ProjectConfigurationPlatforms) = postSolution
		{FC5E2676-E198-401A-B3CE-5D1CECF3E709}.Debug|Any CPU.ActiveCfg = Debug|Any CPU
		{FC5E2676-E198-401A-B3CE-5D1CECF3E709}.Debug|Any CPU.Build.0 = Debug|Any CPU
		{FC5E2676-E198-401A-B3CE-5D1CECF3E709}.Release|Any CPU.ActiveCfg = Release|Any CPU
		{FC5E2676-E198-401A-B3CE-5D1CECF3E709}.Release|Any CPU.Build.0 = Release|Any CPU
		{8692F6D9-4232-4013-BE8A-7969733AE453}.Debug|Any CPU.ActiveCfg = Debug|Any CPU
		{8692F6D9-4232-4013-BE8A-7969733AE453}.Debug|Any CPU.Build.0 = Debug|Any CPU
		{8692F6D9-4232-4013-BE8A-7969733AE453}.Release|Any CPU.ActiveCfg = Release|Any CPU
		{8692F6D9-4232-4013-BE8A-7969733AE453}.Release|Any CPU.Build.0 = Release|Any CPU
		{A933A863-2519-48C6-AD9D-F37810A2C33C}.Debug|Any CPU.ActiveCfg = Debug|Any CPU
		{A933A863-2519-48C6-AD9D-F37810A2C33C}.Debug|Any CPU.Build.0 = Debug|Any CPU
		{A933A863-2519-48C6-AD9D-F37810A2C33C}.Release|Any CPU.ActiveCfg = Release|Any CPU
		{A933A863-2519-48C6-AD9D-F37810A2C33C}.Release|Any CPU.Build.0 = Release|Any CPU
	EndGlobalSection
	GlobalSection(SolutionProperties) = preSolution
		HideSolutionNode = FALSE
	EndGlobalSection
EndGlobal
